// !$*UTF8*$!
{
	archiveVersion = 1;
	classes = {
	};
	objectVersion = 51;
	objects = {

/* Begin PBXBuildFile section */
		1B23FFCB2648E33259F6FA90 /* Pods_TransformersCardGame.framework in Frameworks */ = {isa = PBXBuildFile; fileRef = D1ECE3FA47763EF7C89A1472 /* Pods_TransformersCardGame.framework */; };
		BFB3A2F91052505BE3BCABF6 /* Pods_TransformersCardGame_TransformersCardGameTests.framework in Frameworks */ = {isa = PBXBuildFile; fileRef = 765BAE6CD27AFC52B031BAA0 /* Pods_TransformersCardGame_TransformersCardGameTests.framework */; };
		FBE611852624E40800336620 /* UserPreferences.swift in Sources */ = {isa = PBXBuildFile; fileRef = FBE611842624E40800336620 /* UserPreferences.swift */; };
		FBE6119D2624EBE600336620 /* HomeView.swift in Sources */ = {isa = PBXBuildFile; fileRef = FBE6119C2624EBE600336620 /* HomeView.swift */; };
		FBE611AB2624ED7900336620 /* UIView+Ext.swift in Sources */ = {isa = PBXBuildFile; fileRef = FBE611AA2624ED7900336620 /* UIView+Ext.swift */; };
		FBE611B32625FE0100336620 /* TransformerModel.swift in Sources */ = {isa = PBXBuildFile; fileRef = FBE611B22625FE0100336620 /* TransformerModel.swift */; };
		FBE611CA26260BD300336620 /* TransformerModel+Ext.swift in Sources */ = {isa = PBXBuildFile; fileRef = FBE611C926260BD300336620 /* TransformerModel+Ext.swift */; };
		FBE611CF2626368500336620 /* TransformerRepository.swift in Sources */ = {isa = PBXBuildFile; fileRef = FBE611CE2626368500336620 /* TransformerRepository.swift */; };
		FBE611D42627553D00336620 /* HomeViewModelDelegateType.swift in Sources */ = {isa = PBXBuildFile; fileRef = FBE611D32627553C00336620 /* HomeViewModelDelegateType.swift */; };
		FBE611D92627633800336620 /* TransformerCreationView.swift in Sources */ = {isa = PBXBuildFile; fileRef = FBE611D82627633800336620 /* TransformerCreationView.swift */; };
		FBE611DF2627650A00336620 /* TCGInputField.swift in Sources */ = {isa = PBXBuildFile; fileRef = FBE611DE2627650A00336620 /* TCGInputField.swift */; };
		FBF3F6AA2624D5EC00FCB292 /* AppDelegate.swift in Sources */ = {isa = PBXBuildFile; fileRef = FBF3F6A92624D5EC00FCB292 /* AppDelegate.swift */; };
		FBF3F6B12624D5EC00FCB292 /* Main.storyboard in Resources */ = {isa = PBXBuildFile; fileRef = FBF3F6AF2624D5EC00FCB292 /* Main.storyboard */; };
		FBF3F6B32624D5ED00FCB292 /* Assets.xcassets in Resources */ = {isa = PBXBuildFile; fileRef = FBF3F6B22624D5ED00FCB292 /* Assets.xcassets */; };
		FBF3F6B62624D5ED00FCB292 /* LaunchScreen.storyboard in Resources */ = {isa = PBXBuildFile; fileRef = FBF3F6B42624D5ED00FCB292 /* LaunchScreen.storyboard */; };
		FBF3F6C12624D5ED00FCB292 /* TransformersCardGameTests.swift in Sources */ = {isa = PBXBuildFile; fileRef = FBF3F6C02624D5ED00FCB292 /* TransformersCardGameTests.swift */; };
		FBF3F6CC2624D5ED00FCB292 /* TransformersCardGameUITests.swift in Sources */ = {isa = PBXBuildFile; fileRef = FBF3F6CB2624D5ED00FCB292 /* TransformersCardGameUITests.swift */; };
		FBF3F6E32624D72F00FCB292 /* Coordinator.swift in Sources */ = {isa = PBXBuildFile; fileRef = FBF3F6E22624D72F00FCB292 /* Coordinator.swift */; };
		FBF3F6E82624D74B00FCB292 /* AppCoordinator.swift in Sources */ = {isa = PBXBuildFile; fileRef = FBF3F6E72624D74B00FCB292 /* AppCoordinator.swift */; };
		FBF3F70E2624D9DF00FCB292 /* HomeViewModel.swift in Sources */ = {isa = PBXBuildFile; fileRef = FBF3F70D2624D9DF00FCB292 /* HomeViewModel.swift */; };
		FBF3F7132624D9E900FCB292 /* HomeViewController.swift in Sources */ = {isa = PBXBuildFile; fileRef = FBF3F7122624D9E900FCB292 /* HomeViewController.swift */; };
		FBF3F71B2624DD3800FCB292 /* NetworkService.swift in Sources */ = {isa = PBXBuildFile; fileRef = FBF3F71A2624DD3800FCB292 /* NetworkService.swift */; };
		FBF3F7202624DF4D00FCB292 /* Podfile in Resources */ = {isa = PBXBuildFile; fileRef = FBF3F71F2624DF4D00FCB292 /* Podfile */; };
/* End PBXBuildFile section */

/* Begin PBXContainerItemProxy section */
		FBF3F6BD2624D5ED00FCB292 /* PBXContainerItemProxy */ = {
			isa = PBXContainerItemProxy;
			containerPortal = FBF3F69E2624D5EC00FCB292 /* Project object */;
			proxyType = 1;
			remoteGlobalIDString = FBF3F6A52624D5EC00FCB292;
			remoteInfo = TransformersCardGAme;
		};
		FBF3F6C82624D5ED00FCB292 /* PBXContainerItemProxy */ = {
			isa = PBXContainerItemProxy;
			containerPortal = FBF3F69E2624D5EC00FCB292 /* Project object */;
			proxyType = 1;
			remoteGlobalIDString = FBF3F6A52624D5EC00FCB292;
			remoteInfo = TransformersCardGAme;
		};
/* End PBXContainerItemProxy section */

/* Begin PBXFileReference section */
		4CFFB07A724B3B06ADEFB64C /* Pods-TransformersCardGame-TransformersCardGameTests.release.xcconfig */ = {isa = PBXFileReference; includeInIndex = 1; lastKnownFileType = text.xcconfig; name = "Pods-TransformersCardGame-TransformersCardGameTests.release.xcconfig"; path = "Target Support Files/Pods-TransformersCardGame-TransformersCardGameTests/Pods-TransformersCardGame-TransformersCardGameTests.release.xcconfig"; sourceTree = "<group>"; };
		765BAE6CD27AFC52B031BAA0 /* Pods_TransformersCardGame_TransformersCardGameTests.framework */ = {isa = PBXFileReference; explicitFileType = wrapper.framework; includeInIndex = 0; path = Pods_TransformersCardGame_TransformersCardGameTests.framework; sourceTree = BUILT_PRODUCTS_DIR; };
		780AB62F2310A008C94E4111 /* Pods-TransformersCardGame.release.xcconfig */ = {isa = PBXFileReference; includeInIndex = 1; lastKnownFileType = text.xcconfig; name = "Pods-TransformersCardGame.release.xcconfig"; path = "Target Support Files/Pods-TransformersCardGame/Pods-TransformersCardGame.release.xcconfig"; sourceTree = "<group>"; };
		B0A1CCDF1E16F4246A1E48AE /* Pods-TransformersCardGame-TransformersCardGameTests.debug.xcconfig */ = {isa = PBXFileReference; includeInIndex = 1; lastKnownFileType = text.xcconfig; name = "Pods-TransformersCardGame-TransformersCardGameTests.debug.xcconfig"; path = "Target Support Files/Pods-TransformersCardGame-TransformersCardGameTests/Pods-TransformersCardGame-TransformersCardGameTests.debug.xcconfig"; sourceTree = "<group>"; };
		CDD99E37FBF7A7E785D708C3 /* Pods-TransformersCardGame.debug.xcconfig */ = {isa = PBXFileReference; includeInIndex = 1; lastKnownFileType = text.xcconfig; name = "Pods-TransformersCardGame.debug.xcconfig"; path = "Target Support Files/Pods-TransformersCardGame/Pods-TransformersCardGame.debug.xcconfig"; sourceTree = "<group>"; };
		D1ECE3FA47763EF7C89A1472 /* Pods_TransformersCardGame.framework */ = {isa = PBXFileReference; explicitFileType = wrapper.framework; includeInIndex = 0; path = Pods_TransformersCardGame.framework; sourceTree = BUILT_PRODUCTS_DIR; };
		FBE611842624E40800336620 /* UserPreferences.swift */ = {isa = PBXFileReference; lastKnownFileType = sourcecode.swift; path = UserPreferences.swift; sourceTree = "<group>"; };
		FBE6119C2624EBE600336620 /* HomeView.swift */ = {isa = PBXFileReference; lastKnownFileType = sourcecode.swift; path = HomeView.swift; sourceTree = "<group>"; };
		FBE611AA2624ED7900336620 /* UIView+Ext.swift */ = {isa = PBXFileReference; lastKnownFileType = sourcecode.swift; path = "UIView+Ext.swift"; sourceTree = "<group>"; };
		FBE611B22625FE0100336620 /* TransformerModel.swift */ = {isa = PBXFileReference; lastKnownFileType = sourcecode.swift; path = TransformerModel.swift; sourceTree = "<group>"; };
		FBE611C926260BD300336620 /* TransformerModel+Ext.swift */ = {isa = PBXFileReference; lastKnownFileType = sourcecode.swift; path = "TransformerModel+Ext.swift"; sourceTree = "<group>"; };
		FBE611CE2626368500336620 /* TransformerRepository.swift */ = {isa = PBXFileReference; lastKnownFileType = sourcecode.swift; path = TransformerRepository.swift; sourceTree = "<group>"; };
		FBE611D32627553C00336620 /* HomeViewModelDelegateType.swift */ = {isa = PBXFileReference; lastKnownFileType = sourcecode.swift; path = HomeViewModelDelegateType.swift; sourceTree = "<group>"; };
		FBE611D82627633800336620 /* TransformerCreationView.swift */ = {isa = PBXFileReference; lastKnownFileType = sourcecode.swift; path = TransformerCreationView.swift; sourceTree = "<group>"; };
		FBE611DE2627650A00336620 /* TCGInputField.swift */ = {isa = PBXFileReference; lastKnownFileType = sourcecode.swift; path = TCGInputField.swift; sourceTree = "<group>"; };
		FBF3F6A62624D5EC00FCB292 /* TransformersCardGame.app */ = {isa = PBXFileReference; explicitFileType = wrapper.application; includeInIndex = 0; path = TransformersCardGame.app; sourceTree = BUILT_PRODUCTS_DIR; };
		FBF3F6A92624D5EC00FCB292 /* AppDelegate.swift */ = {isa = PBXFileReference; lastKnownFileType = sourcecode.swift; path = AppDelegate.swift; sourceTree = "<group>"; };
		FBF3F6B02624D5EC00FCB292 /* Base */ = {isa = PBXFileReference; lastKnownFileType = file.storyboard; name = Base; path = Base.lproj/Main.storyboard; sourceTree = "<group>"; };
		FBF3F6B22624D5ED00FCB292 /* Assets.xcassets */ = {isa = PBXFileReference; lastKnownFileType = folder.assetcatalog; path = Assets.xcassets; sourceTree = "<group>"; };
		FBF3F6B52624D5ED00FCB292 /* Base */ = {isa = PBXFileReference; lastKnownFileType = file.storyboard; name = Base; path = Base.lproj/LaunchScreen.storyboard; sourceTree = "<group>"; };
		FBF3F6B72624D5ED00FCB292 /* Info.plist */ = {isa = PBXFileReference; lastKnownFileType = text.plist.xml; path = Info.plist; sourceTree = "<group>"; };
		FBF3F6BC2624D5ED00FCB292 /* TransformersCardGameTests.xctest */ = {isa = PBXFileReference; explicitFileType = wrapper.cfbundle; includeInIndex = 0; path = TransformersCardGameTests.xctest; sourceTree = BUILT_PRODUCTS_DIR; };
		FBF3F6C02624D5ED00FCB292 /* TransformersCardGameTests.swift */ = {isa = PBXFileReference; lastKnownFileType = sourcecode.swift; path = TransformersCardGameTests.swift; sourceTree = "<group>"; };
		FBF3F6C22624D5ED00FCB292 /* Info.plist */ = {isa = PBXFileReference; lastKnownFileType = text.plist.xml; path = Info.plist; sourceTree = "<group>"; };
		FBF3F6C72624D5ED00FCB292 /* TransformersCardGameUITests.xctest */ = {isa = PBXFileReference; explicitFileType = wrapper.cfbundle; includeInIndex = 0; path = TransformersCardGameUITests.xctest; sourceTree = BUILT_PRODUCTS_DIR; };
		FBF3F6CB2624D5ED00FCB292 /* TransformersCardGameUITests.swift */ = {isa = PBXFileReference; lastKnownFileType = sourcecode.swift; path = TransformersCardGameUITests.swift; sourceTree = "<group>"; };
		FBF3F6CD2624D5ED00FCB292 /* Info.plist */ = {isa = PBXFileReference; lastKnownFileType = text.plist.xml; path = Info.plist; sourceTree = "<group>"; };
		FBF3F6E22624D72F00FCB292 /* Coordinator.swift */ = {isa = PBXFileReference; lastKnownFileType = sourcecode.swift; path = Coordinator.swift; sourceTree = "<group>"; };
		FBF3F6E72624D74B00FCB292 /* AppCoordinator.swift */ = {isa = PBXFileReference; lastKnownFileType = sourcecode.swift; path = AppCoordinator.swift; sourceTree = "<group>"; };
		FBF3F70D2624D9DF00FCB292 /* HomeViewModel.swift */ = {isa = PBXFileReference; lastKnownFileType = sourcecode.swift; path = HomeViewModel.swift; sourceTree = "<group>"; };
		FBF3F7122624D9E900FCB292 /* HomeViewController.swift */ = {isa = PBXFileReference; lastKnownFileType = sourcecode.swift; path = HomeViewController.swift; sourceTree = "<group>"; };
		FBF3F71A2624DD3800FCB292 /* NetworkService.swift */ = {isa = PBXFileReference; lastKnownFileType = sourcecode.swift; path = NetworkService.swift; sourceTree = "<group>"; };
		FBF3F71F2624DF4D00FCB292 /* Podfile */ = {isa = PBXFileReference; lastKnownFileType = text; path = Podfile; sourceTree = "<group>"; xcLanguageSpecificationIdentifier = xcode.lang.ruby; };
/* End PBXFileReference section */

/* Begin PBXFrameworksBuildPhase section */
		FBF3F6A32624D5EC00FCB292 /* Frameworks */ = {
			isa = PBXFrameworksBuildPhase;
			buildActionMask = 2147483647;
			files = (
				1B23FFCB2648E33259F6FA90 /* Pods_TransformersCardGame.framework in Frameworks */,
			);
			runOnlyForDeploymentPostprocessing = 0;
		};
		FBF3F6B92624D5ED00FCB292 /* Frameworks */ = {
			isa = PBXFrameworksBuildPhase;
			buildActionMask = 2147483647;
			files = (
				BFB3A2F91052505BE3BCABF6 /* Pods_TransformersCardGame_TransformersCardGameTests.framework in Frameworks */,
			);
			runOnlyForDeploymentPostprocessing = 0;
		};
		FBF3F6C42624D5ED00FCB292 /* Frameworks */ = {
			isa = PBXFrameworksBuildPhase;
			buildActionMask = 2147483647;
			files = (
			);
			runOnlyForDeploymentPostprocessing = 0;
		};
/* End PBXFrameworksBuildPhase section */

/* Begin PBXGroup section */
		73137084BA06D14598267160 /* Frameworks */ = {
			isa = PBXGroup;
			children = (
				D1ECE3FA47763EF7C89A1472 /* Pods_TransformersCardGame.framework */,
				765BAE6CD27AFC52B031BAA0 /* Pods_TransformersCardGame_TransformersCardGameTests.framework */,
			);
			name = Frameworks;
			sourceTree = "<group>";
		};
		E5A8319C65417364CA02DE52 /* Pods */ = {
			isa = PBXGroup;
			children = (
				CDD99E37FBF7A7E785D708C3 /* Pods-TransformersCardGame.debug.xcconfig */,
				780AB62F2310A008C94E4111 /* Pods-TransformersCardGame.release.xcconfig */,
				B0A1CCDF1E16F4246A1E48AE /* Pods-TransformersCardGame-TransformersCardGameTests.debug.xcconfig */,
				4CFFB07A724B3B06ADEFB64C /* Pods-TransformersCardGame-TransformersCardGameTests.release.xcconfig */,
			);
			path = Pods;
			sourceTree = "<group>";
		};
		FBE611832624E3EB00336620 /* Network */ = {
			isa = PBXGroup;
			children = (
				FBF3F71A2624DD3800FCB292 /* NetworkService.swift */,
				FBE611842624E40800336620 /* UserPreferences.swift */,
				FBE611CE2626368500336620 /* TransformerRepository.swift */,
			);
			path = Network;
			sourceTree = "<group>";
		};
		FBE611A92624ED6C00336620 /* Extensions */ = {
			isa = PBXGroup;
			children = (
				FBE611AA2624ED7900336620 /* UIView+Ext.swift */,
				FBE611C926260BD300336620 /* TransformerModel+Ext.swift */,
			);
			path = Extensions;
			sourceTree = "<group>";
		};
		FBE611DD262764FC00336620 /* Components */ = {
			isa = PBXGroup;
			children = (
				FBE611DE2627650A00336620 /* TCGInputField.swift */,
			);
			path = Components;
			sourceTree = "<group>";
		};
		FBF3F69D2624D5EC00FCB292 = {
			isa = PBXGroup;
			children = (
				FBF3F71F2624DF4D00FCB292 /* Podfile */,
				FBF3F6A82624D5EC00FCB292 /* TransformersCardGame */,
				FBF3F6BF2624D5ED00FCB292 /* TransformersCardGameTests */,
				FBF3F6CA2624D5ED00FCB292 /* TransformersCardGameUITests */,
				FBF3F6A72624D5EC00FCB292 /* Products */,
				E5A8319C65417364CA02DE52 /* Pods */,
				73137084BA06D14598267160 /* Frameworks */,
			);
			sourceTree = "<group>";
		};
		FBF3F6A72624D5EC00FCB292 /* Products */ = {
			isa = PBXGroup;
			children = (
				FBF3F6A62624D5EC00FCB292 /* TransformersCardGame.app */,
				FBF3F6BC2624D5ED00FCB292 /* TransformersCardGameTests.xctest */,
				FBF3F6C72624D5ED00FCB292 /* TransformersCardGameUITests.xctest */,
			);
			name = Products;
			sourceTree = "<group>";
		};
		FBF3F6A82624D5EC00FCB292 /* TransformersCardGame */ = {
			isa = PBXGroup;
			children = (
				FBE611DD262764FC00336620 /* Components */,
				FBE611A92624ED6C00336620 /* Extensions */,
				FBE611832624E3EB00336620 /* Network */,
				FBF3F70B2624D9CA00FCB292 /* Scenes */,
				FBF3F70A2624D9C600FCB292 /* Model */,
				FBF3F6ED2624D80500FCB292 /* Protocols */,
				FBF3F6EC2624D7F800FCB292 /* App Builder */,
				FBF3F6AF2624D5EC00FCB292 /* Main.storyboard */,
				FBF3F6B22624D5ED00FCB292 /* Assets.xcassets */,
				FBF3F6B42624D5ED00FCB292 /* LaunchScreen.storyboard */,
				FBF3F6B72624D5ED00FCB292 /* Info.plist */,
			);
			path = TransformersCardGame;
			sourceTree = "<group>";
		};
		FBF3F6BF2624D5ED00FCB292 /* TransformersCardGameTests */ = {
			isa = PBXGroup;
			children = (
				FBF3F6C02624D5ED00FCB292 /* TransformersCardGameTests.swift */,
				FBF3F6C22624D5ED00FCB292 /* Info.plist */,
			);
			path = TransformersCardGameTests;
			sourceTree = "<group>";
		};
		FBF3F6CA2624D5ED00FCB292 /* TransformersCardGameUITests */ = {
			isa = PBXGroup;
			children = (
				FBF3F6CB2624D5ED00FCB292 /* TransformersCardGameUITests.swift */,
				FBF3F6CD2624D5ED00FCB292 /* Info.plist */,
			);
			path = TransformersCardGameUITests;
			sourceTree = "<group>";
		};
		FBF3F6EC2624D7F800FCB292 /* App Builder */ = {
			isa = PBXGroup;
			children = (
				FBF3F6A92624D5EC00FCB292 /* AppDelegate.swift */,
				FBF3F6E72624D74B00FCB292 /* AppCoordinator.swift */,
			);
			path = "App Builder";
			sourceTree = "<group>";
		};
		FBF3F6ED2624D80500FCB292 /* Protocols */ = {
			isa = PBXGroup;
			children = (
				FBF3F6E22624D72F00FCB292 /* Coordinator.swift */,
			);
			path = Protocols;
			sourceTree = "<group>";
		};
		FBF3F70A2624D9C600FCB292 /* Model */ = {
			isa = PBXGroup;
			children = (
				FBE611B22625FE0100336620 /* TransformerModel.swift */,
			);
			path = Model;
			sourceTree = "<group>";
		};
		FBF3F70B2624D9CA00FCB292 /* Scenes */ = {
			isa = PBXGroup;
			children = (
				FBF3F70C2624D9CD00FCB292 /* Home */,
				FBE611D82627633800336620 /* TransformerCreationView.swift */,
			);
			path = Scenes;
			sourceTree = "<group>";
		};
		FBF3F70C2624D9CD00FCB292 /* Home */ = {
			isa = PBXGroup;
			children = (
				FBF3F70D2624D9DF00FCB292 /* HomeViewModel.swift */,
				FBF3F7122624D9E900FCB292 /* HomeViewController.swift */,
				FBE6119C2624EBE600336620 /* HomeView.swift */,
				FBE611D32627553C00336620 /* HomeViewModelDelegateType.swift */,
			);
			path = Home;
			sourceTree = "<group>";
		};
/* End PBXGroup section */

/* Begin PBXNativeTarget section */
		FBF3F6A52624D5EC00FCB292 /* TransformersCardGame */ = {
			isa = PBXNativeTarget;
			buildConfigurationList = FBF3F6D02624D5ED00FCB292 /* Build configuration list for PBXNativeTarget "TransformersCardGame" */;
			buildPhases = (
				62CE04A86B694D276F3E38D6 /* [CP] Check Pods Manifest.lock */,
				FBF3F6A22624D5EC00FCB292 /* Sources */,
				FBF3F6A32624D5EC00FCB292 /* Frameworks */,
				FBF3F6A42624D5EC00FCB292 /* Resources */,
				7048611F6099D1FFCAB99FA9 /* [CP] Embed Pods Frameworks */,
			);
			buildRules = (
			);
			dependencies = (
			);
			name = TransformersCardGame;
			productName = TransformersCardGAme;
			productReference = FBF3F6A62624D5EC00FCB292 /* TransformersCardGame.app */;
			productType = "com.apple.product-type.application";
		};
		FBF3F6BB2624D5ED00FCB292 /* TransformersCardGameTests */ = {
			isa = PBXNativeTarget;
			buildConfigurationList = FBF3F6D32624D5ED00FCB292 /* Build configuration list for PBXNativeTarget "TransformersCardGameTests" */;
			buildPhases = (
				051BB978CAD596E865F95805 /* [CP] Check Pods Manifest.lock */,
				FBF3F6B82624D5ED00FCB292 /* Sources */,
				FBF3F6B92624D5ED00FCB292 /* Frameworks */,
				FBF3F6BA2624D5ED00FCB292 /* Resources */,
				8A6263F5C2FC4C99AB93A30B /* [CP] Embed Pods Frameworks */,
			);
			buildRules = (
			);
			dependencies = (
				FBF3F6BE2624D5ED00FCB292 /* PBXTargetDependency */,
			);
			name = TransformersCardGameTests;
			productName = TransformersCardGAmeTests;
			productReference = FBF3F6BC2624D5ED00FCB292 /* TransformersCardGameTests.xctest */;
			productType = "com.apple.product-type.bundle.unit-test";
		};
		FBF3F6C62624D5ED00FCB292 /* TransformersCardGameUITests */ = {
			isa = PBXNativeTarget;
			buildConfigurationList = FBF3F6D62624D5ED00FCB292 /* Build configuration list for PBXNativeTarget "TransformersCardGameUITests" */;
			buildPhases = (
				FBF3F6C32624D5ED00FCB292 /* Sources */,
				FBF3F6C42624D5ED00FCB292 /* Frameworks */,
				FBF3F6C52624D5ED00FCB292 /* Resources */,
			);
			buildRules = (
			);
			dependencies = (
				FBF3F6C92624D5ED00FCB292 /* PBXTargetDependency */,
			);
			name = TransformersCardGameUITests;
			productName = TransformersCardGAmeUITests;
			productReference = FBF3F6C72624D5ED00FCB292 /* TransformersCardGameUITests.xctest */;
			productType = "com.apple.product-type.bundle.ui-testing";
		};
/* End PBXNativeTarget section */

/* Begin PBXProject section */
		FBF3F69E2624D5EC00FCB292 /* Project object */ = {
			isa = PBXProject;
			attributes = {
				LastSwiftUpdateCheck = 1240;
				LastUpgradeCheck = 1240;
				TargetAttributes = {
					FBF3F6A52624D5EC00FCB292 = {
						CreatedOnToolsVersion = 12.4;
					};
					FBF3F6BB2624D5ED00FCB292 = {
						CreatedOnToolsVersion = 12.4;
						TestTargetID = FBF3F6A52624D5EC00FCB292;
					};
					FBF3F6C62624D5ED00FCB292 = {
						CreatedOnToolsVersion = 12.4;
						TestTargetID = FBF3F6A52624D5EC00FCB292;
					};
				};
			};
			buildConfigurationList = FBF3F6A12624D5EC00FCB292 /* Build configuration list for PBXProject "TransformersCardGame" */;
			compatibilityVersion = "Xcode 9.3";
			developmentRegion = en;
			hasScannedForEncodings = 0;
			knownRegions = (
				en,
				Base,
			);
			mainGroup = FBF3F69D2624D5EC00FCB292;
			productRefGroup = FBF3F6A72624D5EC00FCB292 /* Products */;
			projectDirPath = "";
			projectRoot = "";
			targets = (
				FBF3F6A52624D5EC00FCB292 /* TransformersCardGame */,
				FBF3F6BB2624D5ED00FCB292 /* TransformersCardGameTests */,
				FBF3F6C62624D5ED00FCB292 /* TransformersCardGameUITests */,
			);
		};
/* End PBXProject section */

/* Begin PBXResourcesBuildPhase section */
		FBF3F6A42624D5EC00FCB292 /* Resources */ = {
			isa = PBXResourcesBuildPhase;
			buildActionMask = 2147483647;
			files = (
				FBF3F6B62624D5ED00FCB292 /* LaunchScreen.storyboard in Resources */,
				FBF3F6B32624D5ED00FCB292 /* Assets.xcassets in Resources */,
				FBF3F7202624DF4D00FCB292 /* Podfile in Resources */,
				FBF3F6B12624D5EC00FCB292 /* Main.storyboard in Resources */,
			);
			runOnlyForDeploymentPostprocessing = 0;
		};
		FBF3F6BA2624D5ED00FCB292 /* Resources */ = {
			isa = PBXResourcesBuildPhase;
			buildActionMask = 2147483647;
			files = (
			);
			runOnlyForDeploymentPostprocessing = 0;
		};
		FBF3F6C52624D5ED00FCB292 /* Resources */ = {
			isa = PBXResourcesBuildPhase;
			buildActionMask = 2147483647;
			files = (
			);
			runOnlyForDeploymentPostprocessing = 0;
		};
/* End PBXResourcesBuildPhase section */

/* Begin PBXShellScriptBuildPhase section */
		051BB978CAD596E865F95805 /* [CP] Check Pods Manifest.lock */ = {
			isa = PBXShellScriptBuildPhase;
			buildActionMask = 2147483647;
			files = (
			);
			inputFileListPaths = (
			);
			inputPaths = (
				"${PODS_PODFILE_DIR_PATH}/Podfile.lock",
				"${PODS_ROOT}/Manifest.lock",
			);
			name = "[CP] Check Pods Manifest.lock";
			outputFileListPaths = (
			);
			outputPaths = (
				"$(DERIVED_FILE_DIR)/Pods-TransformersCardGame-TransformersCardGameTests-checkManifestLockResult.txt",
			);
			runOnlyForDeploymentPostprocessing = 0;
			shellPath = /bin/sh;
			shellScript = "diff \"${PODS_PODFILE_DIR_PATH}/Podfile.lock\" \"${PODS_ROOT}/Manifest.lock\" > /dev/null\nif [ $? != 0 ] ; then\n    # print error to STDERR\n    echo \"error: The sandbox is not in sync with the Podfile.lock. Run 'pod install' or update your CocoaPods installation.\" >&2\n    exit 1\nfi\n# This output is used by Xcode 'outputs' to avoid re-running this script phase.\necho \"SUCCESS\" > \"${SCRIPT_OUTPUT_FILE_0}\"\n";
			showEnvVarsInLog = 0;
		};
		62CE04A86B694D276F3E38D6 /* [CP] Check Pods Manifest.lock */ = {
			isa = PBXShellScriptBuildPhase;
			buildActionMask = 2147483647;
			files = (
			);
			inputFileListPaths = (
			);
			inputPaths = (
				"${PODS_PODFILE_DIR_PATH}/Podfile.lock",
				"${PODS_ROOT}/Manifest.lock",
			);
			name = "[CP] Check Pods Manifest.lock";
			outputFileListPaths = (
			);
			outputPaths = (
				"$(DERIVED_FILE_DIR)/Pods-TransformersCardGame-checkManifestLockResult.txt",
			);
			runOnlyForDeploymentPostprocessing = 0;
			shellPath = /bin/sh;
			shellScript = "diff \"${PODS_PODFILE_DIR_PATH}/Podfile.lock\" \"${PODS_ROOT}/Manifest.lock\" > /dev/null\nif [ $? != 0 ] ; then\n    # print error to STDERR\n    echo \"error: The sandbox is not in sync with the Podfile.lock. Run 'pod install' or update your CocoaPods installation.\" >&2\n    exit 1\nfi\n# This output is used by Xcode 'outputs' to avoid re-running this script phase.\necho \"SUCCESS\" > \"${SCRIPT_OUTPUT_FILE_0}\"\n";
			showEnvVarsInLog = 0;
		};
		7048611F6099D1FFCAB99FA9 /* [CP] Embed Pods Frameworks */ = {
			isa = PBXShellScriptBuildPhase;
			buildActionMask = 2147483647;
			files = (
			);
			inputFileListPaths = (
				"${PODS_ROOT}/Target Support Files/Pods-TransformersCardGame/Pods-TransformersCardGame-frameworks-${CONFIGURATION}-input-files.xcfilelist",
			);
			name = "[CP] Embed Pods Frameworks";
			outputFileListPaths = (
				"${PODS_ROOT}/Target Support Files/Pods-TransformersCardGame/Pods-TransformersCardGame-frameworks-${CONFIGURATION}-output-files.xcfilelist",
			);
			runOnlyForDeploymentPostprocessing = 0;
			shellPath = /bin/sh;
			shellScript = "\"${PODS_ROOT}/Target Support Files/Pods-TransformersCardGame/Pods-TransformersCardGame-frameworks.sh\"\n";
			showEnvVarsInLog = 0;
		};
		8A6263F5C2FC4C99AB93A30B /* [CP] Embed Pods Frameworks */ = {
			isa = PBXShellScriptBuildPhase;
			buildActionMask = 2147483647;
			files = (
			);
			inputFileListPaths = (
				"${PODS_ROOT}/Target Support Files/Pods-TransformersCardGame-TransformersCardGameTests/Pods-TransformersCardGame-TransformersCardGameTests-frameworks-${CONFIGURATION}-input-files.xcfilelist",
			);
			name = "[CP] Embed Pods Frameworks";
			outputFileListPaths = (
				"${PODS_ROOT}/Target Support Files/Pods-TransformersCardGame-TransformersCardGameTests/Pods-TransformersCardGame-TransformersCardGameTests-frameworks-${CONFIGURATION}-output-files.xcfilelist",
			);
			runOnlyForDeploymentPostprocessing = 0;
			shellPath = /bin/sh;
			shellScript = "\"${PODS_ROOT}/Target Support Files/Pods-TransformersCardGame-TransformersCardGameTests/Pods-TransformersCardGame-TransformersCardGameTests-frameworks.sh\"\n";
			showEnvVarsInLog = 0;
		};
/* End PBXShellScriptBuildPhase section */

/* Begin PBXSourcesBuildPhase section */
		FBF3F6A22624D5EC00FCB292 /* Sources */ = {
			isa = PBXSourcesBuildPhase;
			buildActionMask = 2147483647;
			files = (
				FBF3F6E82624D74B00FCB292 /* AppCoordinator.swift in Sources */,
				FBE611B32625FE0100336620 /* TransformerModel.swift in Sources */,
				FBE611852624E40800336620 /* UserPreferences.swift in Sources */,
				FBF3F6AA2624D5EC00FCB292 /* AppDelegate.swift in Sources */,
				FBE611CA26260BD300336620 /* TransformerModel+Ext.swift in Sources */,
				FBF3F71B2624DD3800FCB292 /* NetworkService.swift in Sources */,
				FBE611D42627553D00336620 /* HomeViewModelDelegateType.swift in Sources */,
				FBF3F70E2624D9DF00FCB292 /* HomeViewModel.swift in Sources */,
				FBE611AB2624ED7900336620 /* UIView+Ext.swift in Sources */,
				FBE611DF2627650A00336620 /* TCGInputField.swift in Sources */,
				FBE6119D2624EBE600336620 /* HomeView.swift in Sources */,
				FBE611CF2626368500336620 /* TransformerRepository.swift in Sources */,
				FBF3F6E32624D72F00FCB292 /* Coordinator.swift in Sources */,
				FBF3F7132624D9E900FCB292 /* HomeViewController.swift in Sources */,
				FBE611D92627633800336620 /* TransformerCreationView.swift in Sources */,
			);
			runOnlyForDeploymentPostprocessing = 0;
		};
		FBF3F6B82624D5ED00FCB292 /* Sources */ = {
			isa = PBXSourcesBuildPhase;
			buildActionMask = 2147483647;
			files = (
				FBF3F6C12624D5ED00FCB292 /* TransformersCardGameTests.swift in Sources */,
			);
			runOnlyForDeploymentPostprocessing = 0;
		};
		FBF3F6C32624D5ED00FCB292 /* Sources */ = {
			isa = PBXSourcesBuildPhase;
			buildActionMask = 2147483647;
			files = (
				FBF3F6CC2624D5ED00FCB292 /* TransformersCardGameUITests.swift in Sources */,
			);
			runOnlyForDeploymentPostprocessing = 0;
		};
/* End PBXSourcesBuildPhase section */

/* Begin PBXTargetDependency section */
		FBF3F6BE2624D5ED00FCB292 /* PBXTargetDependency */ = {
			isa = PBXTargetDependency;
			target = FBF3F6A52624D5EC00FCB292 /* TransformersCardGame */;
			targetProxy = FBF3F6BD2624D5ED00FCB292 /* PBXContainerItemProxy */;
		};
		FBF3F6C92624D5ED00FCB292 /* PBXTargetDependency */ = {
			isa = PBXTargetDependency;
			target = FBF3F6A52624D5EC00FCB292 /* TransformersCardGame */;
			targetProxy = FBF3F6C82624D5ED00FCB292 /* PBXContainerItemProxy */;
		};
/* End PBXTargetDependency section */

/* Begin PBXVariantGroup section */
		FBF3F6AF2624D5EC00FCB292 /* Main.storyboard */ = {
			isa = PBXVariantGroup;
			children = (
				FBF3F6B02624D5EC00FCB292 /* Base */,
			);
			name = Main.storyboard;
			sourceTree = "<group>";
		};
		FBF3F6B42624D5ED00FCB292 /* LaunchScreen.storyboard */ = {
			isa = PBXVariantGroup;
			children = (
				FBF3F6B52624D5ED00FCB292 /* Base */,
			);
			name = LaunchScreen.storyboard;
			sourceTree = "<group>";
		};
/* End PBXVariantGroup section */

/* Begin XCBuildConfiguration section */
		FBF3F6CE2624D5ED00FCB292 /* Debug */ = {
			isa = XCBuildConfiguration;
			buildSettings = {
				ALWAYS_SEARCH_USER_PATHS = NO;
				CLANG_ANALYZER_NONNULL = YES;
				CLANG_ANALYZER_NUMBER_OBJECT_CONVERSION = YES_AGGRESSIVE;
				CLANG_CXX_LANGUAGE_STANDARD = "gnu++14";
				CLANG_CXX_LIBRARY = "libc++";
				CLANG_ENABLE_MODULES = YES;
				CLANG_ENABLE_OBJC_ARC = YES;
				CLANG_ENABLE_OBJC_WEAK = YES;
				CLANG_WARN_BLOCK_CAPTURE_AUTORELEASING = YES;
				CLANG_WARN_BOOL_CONVERSION = YES;
				CLANG_WARN_COMMA = YES;
				CLANG_WARN_CONSTANT_CONVERSION = YES;
				CLANG_WARN_DEPRECATED_OBJC_IMPLEMENTATIONS = YES;
				CLANG_WARN_DIRECT_OBJC_ISA_USAGE = YES_ERROR;
				CLANG_WARN_DOCUMENTATION_COMMENTS = YES;
				CLANG_WARN_EMPTY_BODY = YES;
				CLANG_WARN_ENUM_CONVERSION = YES;
				CLANG_WARN_INFINITE_RECURSION = YES;
				CLANG_WARN_INT_CONVERSION = YES;
				CLANG_WARN_NON_LITERAL_NULL_CONVERSION = YES;
				CLANG_WARN_OBJC_IMPLICIT_RETAIN_SELF = YES;
				CLANG_WARN_OBJC_LITERAL_CONVERSION = YES;
				CLANG_WARN_OBJC_ROOT_CLASS = YES_ERROR;
				CLANG_WARN_QUOTED_INCLUDE_IN_FRAMEWORK_HEADER = YES;
				CLANG_WARN_RANGE_LOOP_ANALYSIS = YES;
				CLANG_WARN_STRICT_PROTOTYPES = YES;
				CLANG_WARN_SUSPICIOUS_MOVE = YES;
				CLANG_WARN_UNGUARDED_AVAILABILITY = YES_AGGRESSIVE;
				CLANG_WARN_UNREACHABLE_CODE = YES;
				CLANG_WARN__DUPLICATE_METHOD_MATCH = YES;
				COPY_PHASE_STRIP = NO;
				DEBUG_INFORMATION_FORMAT = dwarf;
				ENABLE_STRICT_OBJC_MSGSEND = YES;
				ENABLE_TESTABILITY = YES;
				GCC_C_LANGUAGE_STANDARD = gnu11;
				GCC_DYNAMIC_NO_PIC = NO;
				GCC_NO_COMMON_BLOCKS = YES;
				GCC_OPTIMIZATION_LEVEL = 0;
				GCC_PREPROCESSOR_DEFINITIONS = (
					"DEBUG=1",
					"$(inherited)",
				);
				GCC_WARN_64_TO_32_BIT_CONVERSION = YES;
				GCC_WARN_ABOUT_RETURN_TYPE = YES_ERROR;
				GCC_WARN_UNDECLARED_SELECTOR = YES;
				GCC_WARN_UNINITIALIZED_AUTOS = YES_AGGRESSIVE;
				GCC_WARN_UNUSED_FUNCTION = YES;
				GCC_WARN_UNUSED_VARIABLE = YES;
				IPHONEOS_DEPLOYMENT_TARGET = 14.4;
				MTL_ENABLE_DEBUG_INFO = INCLUDE_SOURCE;
				MTL_FAST_MATH = YES;
				ONLY_ACTIVE_ARCH = YES;
				SDKROOT = iphoneos;
				SWIFT_ACTIVE_COMPILATION_CONDITIONS = DEBUG;
				SWIFT_OPTIMIZATION_LEVEL = "-Onone";
			};
			name = Debug;
		};
		FBF3F6CF2624D5ED00FCB292 /* Release */ = {
			isa = XCBuildConfiguration;
			buildSettings = {
				ALWAYS_SEARCH_USER_PATHS = NO;
				CLANG_ANALYZER_NONNULL = YES;
				CLANG_ANALYZER_NUMBER_OBJECT_CONVERSION = YES_AGGRESSIVE;
				CLANG_CXX_LANGUAGE_STANDARD = "gnu++14";
				CLANG_CXX_LIBRARY = "libc++";
				CLANG_ENABLE_MODULES = YES;
				CLANG_ENABLE_OBJC_ARC = YES;
				CLANG_ENABLE_OBJC_WEAK = YES;
				CLANG_WARN_BLOCK_CAPTURE_AUTORELEASING = YES;
				CLANG_WARN_BOOL_CONVERSION = YES;
				CLANG_WARN_COMMA = YES;
				CLANG_WARN_CONSTANT_CONVERSION = YES;
				CLANG_WARN_DEPRECATED_OBJC_IMPLEMENTATIONS = YES;
				CLANG_WARN_DIRECT_OBJC_ISA_USAGE = YES_ERROR;
				CLANG_WARN_DOCUMENTATION_COMMENTS = YES;
				CLANG_WARN_EMPTY_BODY = YES;
				CLANG_WARN_ENUM_CONVERSION = YES;
				CLANG_WARN_INFINITE_RECURSION = YES;
				CLANG_WARN_INT_CONVERSION = YES;
				CLANG_WARN_NON_LITERAL_NULL_CONVERSION = YES;
				CLANG_WARN_OBJC_IMPLICIT_RETAIN_SELF = YES;
				CLANG_WARN_OBJC_LITERAL_CONVERSION = YES;
				CLANG_WARN_OBJC_ROOT_CLASS = YES_ERROR;
				CLANG_WARN_QUOTED_INCLUDE_IN_FRAMEWORK_HEADER = YES;
				CLANG_WARN_RANGE_LOOP_ANALYSIS = YES;
				CLANG_WARN_STRICT_PROTOTYPES = YES;
				CLANG_WARN_SUSPICIOUS_MOVE = YES;
				CLANG_WARN_UNGUARDED_AVAILABILITY = YES_AGGRESSIVE;
				CLANG_WARN_UNREACHABLE_CODE = YES;
				CLANG_WARN__DUPLICATE_METHOD_MATCH = YES;
				COPY_PHASE_STRIP = NO;
				DEBUG_INFORMATION_FORMAT = "dwarf-with-dsym";
				ENABLE_NS_ASSERTIONS = NO;
				ENABLE_STRICT_OBJC_MSGSEND = YES;
				GCC_C_LANGUAGE_STANDARD = gnu11;
				GCC_NO_COMMON_BLOCKS = YES;
				GCC_WARN_64_TO_32_BIT_CONVERSION = YES;
				GCC_WARN_ABOUT_RETURN_TYPE = YES_ERROR;
				GCC_WARN_UNDECLARED_SELECTOR = YES;
				GCC_WARN_UNINITIALIZED_AUTOS = YES_AGGRESSIVE;
				GCC_WARN_UNUSED_FUNCTION = YES;
				GCC_WARN_UNUSED_VARIABLE = YES;
				IPHONEOS_DEPLOYMENT_TARGET = 14.4;
				MTL_ENABLE_DEBUG_INFO = NO;
				MTL_FAST_MATH = YES;
				SDKROOT = iphoneos;
				SWIFT_COMPILATION_MODE = wholemodule;
				SWIFT_OPTIMIZATION_LEVEL = "-O";
				VALIDATE_PRODUCT = YES;
			};
			name = Release;
		};
		FBF3F6D12624D5ED00FCB292 /* Debug */ = {
			isa = XCBuildConfiguration;
			baseConfigurationReference = CDD99E37FBF7A7E785D708C3 /* Pods-TransformersCardGame.debug.xcconfig */;
			buildSettings = {
				ASSETCATALOG_COMPILER_APPICON_NAME = AppIcon;
				ASSETCATALOG_COMPILER_GLOBAL_ACCENT_COLOR_NAME = AccentColor;
				CODE_SIGN_STYLE = Automatic;
				DEVELOPMENT_TEAM = 27F3ZKLUK9;
				INFOPLIST_FILE = TransformersCardGAme/Info.plist;
				IPHONEOS_DEPLOYMENT_TARGET = 11.0;
				LD_RUNPATH_SEARCH_PATHS = (
					"$(inherited)",
					"@executable_path/Frameworks",
				);
				PRODUCT_BUNDLE_IDENTIFIER = NortonPigozzo.TransformersCardGame;
				PRODUCT_NAME = "$(TARGET_NAME)";
				SWIFT_VERSION = 5.0;
				TARGETED_DEVICE_FAMILY = "1,2";
			};
			name = Debug;
		};
		FBF3F6D22624D5ED00FCB292 /* Release */ = {
			isa = XCBuildConfiguration;
			baseConfigurationReference = 780AB62F2310A008C94E4111 /* Pods-TransformersCardGame.release.xcconfig */;
			buildSettings = {
				ASSETCATALOG_COMPILER_APPICON_NAME = AppIcon;
				ASSETCATALOG_COMPILER_GLOBAL_ACCENT_COLOR_NAME = AccentColor;
				CODE_SIGN_STYLE = Automatic;
				DEVELOPMENT_TEAM = 27F3ZKLUK9;
				INFOPLIST_FILE = TransformersCardGAme/Info.plist;
				IPHONEOS_DEPLOYMENT_TARGET = 11.0;
				LD_RUNPATH_SEARCH_PATHS = (
					"$(inherited)",
					"@executable_path/Frameworks",
				);
				PRODUCT_BUNDLE_IDENTIFIER = NortonPigozzo.TransformersCardGame;
				PRODUCT_NAME = "$(TARGET_NAME)";
				SWIFT_VERSION = 5.0;
				TARGETED_DEVICE_FAMILY = "1,2";
			};
			name = Release;
		};
		FBF3F6D42624D5ED00FCB292 /* Debug */ = {
			isa = XCBuildConfiguration;
			baseConfigurationReference = B0A1CCDF1E16F4246A1E48AE /* Pods-TransformersCardGame-TransformersCardGameTests.debug.xcconfig */;
			buildSettings = {
				ALWAYS_EMBED_SWIFT_STANDARD_LIBRARIES = YES;
				BUNDLE_LOADER = "$(TEST_HOST)";
				CODE_SIGN_STYLE = Automatic;
				DEVELOPMENT_TEAM = 27F3ZKLUK9;
				INFOPLIST_FILE = TransformersCardGAmeTests/Info.plist;
				IPHONEOS_DEPLOYMENT_TARGET = 14.4;
				LD_RUNPATH_SEARCH_PATHS = (
					"$(inherited)",
					"@executable_path/Frameworks",
					"@loader_path/Frameworks",
				);
				PRODUCT_BUNDLE_IDENTIFIER = NortonPigozzo.TransformersCardGAmeTests;
				PRODUCT_NAME = "$(TARGET_NAME)";
				SWIFT_VERSION = 5.0;
				TARGETED_DEVICE_FAMILY = "1,2";
				TEST_HOST = "$(BUILT_PRODUCTS_DIR)/TransformersCardGame.app/TransformersCardGame";
			};
			name = Debug;
		};
		FBF3F6D52624D5ED00FCB292 /* Release */ = {
			isa = XCBuildConfiguration;
			baseConfigurationReference = 4CFFB07A724B3B06ADEFB64C /* Pods-TransformersCardGame-TransformersCardGameTests.release.xcconfig */;
			buildSettings = {
				ALWAYS_EMBED_SWIFT_STANDARD_LIBRARIES = YES;
				BUNDLE_LOADER = "$(TEST_HOST)";
				CODE_SIGN_STYLE = Automatic;
				DEVELOPMENT_TEAM = 27F3ZKLUK9;
				INFOPLIST_FILE = TransformersCardGAmeTests/Info.plist;
				IPHONEOS_DEPLOYMENT_TARGET = 14.4;
				LD_RUNPATH_SEARCH_PATHS = (
					"$(inherited)",
					"@executable_path/Frameworks",
					"@loader_path/Frameworks",
				);
				PRODUCT_BUNDLE_IDENTIFIER = NortonPigozzo.TransformersCardGAmeTests;
				PRODUCT_NAME = "$(TARGET_NAME)";
				SWIFT_VERSION = 5.0;
				TARGETED_DEVICE_FAMILY = "1,2";
				TEST_HOST = "$(BUILT_PRODUCTS_DIR)/TransformersCardGame.app/TransformersCardGame";
			};
			name = Release;
		};
		FBF3F6D72624D5ED00FCB292 /* Debug */ = {
			isa = XCBuildConfiguration;
			buildSettings = {
				ALWAYS_EMBED_SWIFT_STANDARD_LIBRARIES = YES;
				CODE_SIGN_STYLE = Automatic;
				DEVELOPMENT_TEAM = 27F3ZKLUK9;
				INFOPLIST_FILE = TransformersCardGAmeUITests/Info.plist;
				LD_RUNPATH_SEARCH_PATHS = (
					"$(inherited)",
					"@executable_path/Frameworks",
					"@loader_path/Frameworks",
				);
				PRODUCT_BUNDLE_IDENTIFIER = NortonPigozzo.TransformersCardGAmeUITests;
				PRODUCT_NAME = "$(TARGET_NAME)";
				SWIFT_VERSION = 5.0;
				TARGETED_DEVICE_FAMILY = "1,2";
				TEST_TARGET_NAME = TransformersCardGAme;
			};
			name = Debug;
		};
		FBF3F6D82624D5ED00FCB292 /* Release */ = {
			isa = XCBuildConfiguration;
			buildSettings = {
				ALWAYS_EMBED_SWIFT_STANDARD_LIBRARIES = YES;
				CODE_SIGN_STYLE = Automatic;
				DEVELOPMENT_TEAM = 27F3ZKLUK9;
				INFOPLIST_FILE = TransformersCardGAmeUITests/Info.plist;
				LD_RUNPATH_SEARCH_PATHS = (
					"$(inherited)",
					"@executable_path/Frameworks",
					"@loader_path/Frameworks",
				);
				PRODUCT_BUNDLE_IDENTIFIER = NortonPigozzo.TransformersCardGAmeUITests;
				PRODUCT_NAME = "$(TARGET_NAME)";
				SWIFT_VERSION = 5.0;
				TARGETED_DEVICE_FAMILY = "1,2";
				TEST_TARGET_NAME = TransformersCardGAme;
			};
			name = Release;
		};
/* End XCBuildConfiguration section */

/* Begin XCConfigurationList section */
		FBF3F6A12624D5EC00FCB292 /* Build configuration list for PBXProject "TransformersCardGame" */ = {
			isa = XCConfigurationList;
			buildConfigurations = (
				FBF3F6CE2624D5ED00FCB292 /* Debug */,
				FBF3F6CF2624D5ED00FCB292 /* Release */,
			);
			defaultConfigurationIsVisible = 0;
			defaultConfigurationName = Release;
		};
		FBF3F6D02624D5ED00FCB292 /* Build configuration list for PBXNativeTarget "TransformersCardGame" */ = {
			isa = XCConfigurationList;
			buildConfigurations = (
				FBF3F6D12624D5ED00FCB292 /* Debug */,
				FBF3F6D22624D5ED00FCB292 /* Release */,
			);
			defaultConfigurationIsVisible = 0;
			defaultConfigurationName = Release;
		};
		FBF3F6D32624D5ED00FCB292 /* Build configuration list for PBXNativeTarget "TransformersCardGameTests" */ = {
			isa = XCConfigurationList;
			buildConfigurations = (
				FBF3F6D42624D5ED00FCB292 /* Debug */,
				FBF3F6D52624D5ED00FCB292 /* Release */,
			);
			defaultConfigurationIsVisible = 0;
			defaultConfigurationName = Release;
		};
		FBF3F6D62624D5ED00FCB292 /* Build configuration list for PBXNativeTarget "TransformersCardGameUITests" */ = {
			isa = XCConfigurationList;
			buildConfigurations = (
				FBF3F6D72624D5ED00FCB292 /* Debug */,
				FBF3F6D82624D5ED00FCB292 /* Release */,
			);
			defaultConfigurationIsVisible = 0;
			defaultConfigurationName = Release;
		};
/* End XCConfigurationList section */
	};
	rootObject = FBF3F69E2624D5EC00FCB292 /* Project object */;
}
